
Microsoft Visual Studio Solution File, Format Version 12.00
# Visual Studio 2017
Project("{FAE04EC0-301F-11D3-BF4B-00C04F79EFBC}") = "Editor Scripting", "Editor Scripting.csproj", "{DA6E0E67-FF62-9015-71C5-096194A2C926}"
EndProject
Project("{FAE04EC0-301F-11D3-BF4B-00C04F79EFBC}") = "Editor Scripting.Editor", "Editor Scripting.Editor.csproj", "{AFC7C350-8131-D418-8B2D-C280BF087C4F}"
EndProject
Global
	GlobalSection(SolutionConfigurationPlatforms) = preSolution
		Debug|Any CPU = Debug|Any CPU
		Release|Any CPU = Release|Any CPU
	EndGlobalSection
	GlobalSection(ProjectConfigurationPlatforms) = postSolution
		{DA6E0E67-FF62-9015-71C5-096194A2C926}.Debug|Any CPU.ActiveCfg = Debug|Any CPU
		{DA6E0E67-FF62-9015-71C5-096194A2C926}.Debug|Any CPU.Build.0 = Debug|Any CPU
		{DA6E0E67-FF62-9015-71C5-096194A2C926}.Release|Any CPU.ActiveCfg = Release|Any CPU
		{DA6E0E67-FF62-9015-71C5-096194A2C926}.Release|Any CPU.Build.0 = Release|Any CPU
		{AFC7C350-8131-D418-8B2D-C280BF087C4F}.Debug|Any CPU.ActiveCfg = Debug|Any CPU
		{AFC7C350-8131-D418-8B2D-C280BF087C4F}.Debug|Any CPU.Build.0 = Debug|Any CPU
		{AFC7C350-8131-D418-8B2D-C280BF087C4F}.Release|Any CPU.ActiveCfg = Release|Any CPU
		{AFC7C350-8131-D418-8B2D-C280BF087C4F}.Release|Any CPU.Build.0 = Release|Any CPU
	EndGlobalSection
	GlobalSection(SolutionProperties) = preSolution
		HideSolutionNode = FALSE
	EndGlobalSection
EndGlobal
